
Microsoft Visual Studio Solution File, Format Version 12.00
# Visual Studio Version 16
VisualStudioVersion = 16.0.28803.156
MinimumVisualStudioVersion = 10.0.40219.1
Project("{9A19103F-16F7-4668-BE54-9A1E7A4F7556}") = "Bleak", "Bleak\Bleak.csproj", "{731E7ADB-2795-4A84-B24D-E32DBED5917B}"
EndProject
Project("{FAE04EC0-301F-11D3-BF4B-00C04F79EFBC}") = "Bleak.Tests", "Bleak.Tests\Bleak.Tests.csproj", "{D7FDBDDA-402F-4CB0-ACC9-30A2197A8E67}"
EndProject
Global
	GlobalSection(SolutionConfigurationPlatforms) = preSolution
		Debug|Any CPU = Debug|Any CPU
		Release|Any CPU = Release|Any CPU
	EndGlobalSection
	GlobalSection(ProjectConfigurationPlatforms) = postSolution
		{731E7ADB-2795-4A84-B24D-E32DBED5917B}.Debug|Any CPU.ActiveCfg = Debug|Any CPU
		{731E7ADB-2795-4A84-B24D-E32DBED5917B}.Debug|Any CPU.Build.0 = Debug|Any CPU
		{731E7ADB-2795-4A84-B24D-E32DBED5917B}.Release|Any CPU.ActiveCfg = Release|Any CPU
		{731E7ADB-2795-4A84-B24D-E32DBED5917B}.Release|Any CPU.Build.0 = Release|Any CPU
		{D7FDBDDA-402F-4CB0-ACC9-30A2197A8E67}.Debug|Any CPU.ActiveCfg = Debug|Any CPU
		{D7FDBDDA-402F-4CB0-ACC9-30A2197A8E67}.Debug|Any CPU.Build.0 = Debug|Any CPU
		{D7FDBDDA-402F-4CB0-ACC9-30A2197A8E67}.Release|Any CPU.ActiveCfg = Release|Any CPU
		{D7FDBDDA-402F-4CB0-ACC9-30A2197A8E67}.Release|Any CPU.Build.0 = Release|Any CPU
	EndGlobalSection
	GlobalSection(SolutionProperties) = preSolution
		HideSolutionNode = FALSE
	EndGlobalSection
	GlobalSection(ExtensibilityGlobals) = postSolution
		SolutionGuid = {65D35D24-C42B-4F60-9B80-48F5E2F604C4}
	EndGlobalSection
EndGlobal
