
Microsoft Visual Studio Solution File, Format Version 12.00
# Visual Studio 15
VisualStudioVersion = 15.0.28307.106
MinimumVisualStudioVersion = 10.0.40219.1
Project("{FAE04EC0-301F-11D3-BF4B-00C04F79EFBC}") = "Simple-Injection", "Simple-Injection\Simple-Injection.csproj", "{3CB7A9AA-674F-4A71-9711-8FEBC7CB8D11}"
EndProject
Project("{FAE04EC0-301F-11D3-BF4B-00C04F79EFBC}") = "Simple-Injection.Tests.x86", "Simple-Injection.Tests.x86\Simple-Injection.Tests.x86.csproj", "{BC146EF0-EAED-4EE8-B5BB-971ED2779E55}"
EndProject
Project("{FAE04EC0-301F-11D3-BF4B-00C04F79EFBC}") = "Simple-Injection.Tests.x64", "Simple-Injection.Tests.x64\Simple-Injection.Tests.x64.csproj", "{53355D0D-FC5F-4034-BFFD-D14CCA77D461}"
EndProject
Global
	GlobalSection(SolutionConfigurationPlatforms) = preSolution
		Debug|Any CPU = Debug|Any CPU
		Release|Any CPU = Release|Any CPU
	EndGlobalSection
	GlobalSection(ProjectConfigurationPlatforms) = postSolution
		{3CB7A9AA-674F-4A71-9711-8FEBC7CB8D11}.Debug|Any CPU.ActiveCfg = Debug|Any CPU
		{3CB7A9AA-674F-4A71-9711-8FEBC7CB8D11}.Debug|Any CPU.Build.0 = Debug|Any CPU
		{3CB7A9AA-674F-4A71-9711-8FEBC7CB8D11}.Release|Any CPU.ActiveCfg = Release|Any CPU
		{3CB7A9AA-674F-4A71-9711-8FEBC7CB8D11}.Release|Any CPU.Build.0 = Release|Any CPU
		{BC146EF0-EAED-4EE8-B5BB-971ED2779E55}.Debug|Any CPU.ActiveCfg = Debug|Any CPU
		{BC146EF0-EAED-4EE8-B5BB-971ED2779E55}.Debug|Any CPU.Build.0 = Debug|Any CPU
		{BC146EF0-EAED-4EE8-B5BB-971ED2779E55}.Release|Any CPU.ActiveCfg = Release|Any CPU
		{BC146EF0-EAED-4EE8-B5BB-971ED2779E55}.Release|Any CPU.Build.0 = Release|Any CPU
		{53355D0D-FC5F-4034-BFFD-D14CCA77D461}.Debug|Any CPU.ActiveCfg = Debug|Any CPU
		{53355D0D-FC5F-4034-BFFD-D14CCA77D461}.Debug|Any CPU.Build.0 = Debug|Any CPU
		{53355D0D-FC5F-4034-BFFD-D14CCA77D461}.Release|Any CPU.ActiveCfg = Release|Any CPU
		{53355D0D-FC5F-4034-BFFD-D14CCA77D461}.Release|Any CPU.Build.0 = Release|Any CPU
	EndGlobalSection
	GlobalSection(SolutionProperties) = preSolution
		HideSolutionNode = FALSE
	EndGlobalSection
	GlobalSection(ExtensibilityGlobals) = postSolution
		SolutionGuid = {728F9F60-C108-4BD9-9B3A-7783BA943746}
	EndGlobalSection
EndGlobal
